
Microsoft Visual Studio Solution File, Format Version 12.00
# Visual Studio Version 16
VisualStudioVersion = 16.0.29519.87
MinimumVisualStudioVersion = 10.0.40219.1
Project("{FAE04EC0-301F-11D3-BF4B-00C04F79EFBC}") = "ConvertPdf", "ConvertPdf\ConvertPdf.csproj", "{BFCCD79C-2D82-4418-8AED-A5441F412F55}"
EndProject
Global
	GlobalSection(SolutionConfigurationPlatforms) = preSolution
		Debug|Any CPU = Debug|Any CPU
		Release|Any CPU = Release|Any CPU
	EndGlobalSection
	GlobalSection(ProjectConfigurationPlatforms) = postSolution
		{BFCCD79C-2D82-4418-8AED-A5441F412F55}.Debug|Any CPU.ActiveCfg = Debug|Any CPU
		{BFCCD79C-2D82-4418-8AED-A5441F412F55}.Debug|Any CPU.Build.0 = Debug|Any CPU
		{BFCCD79C-2D82-4418-8AED-A5441F412F55}.Release|Any CPU.ActiveCfg = Release|Any CPU
		{BFCCD79C-2D82-4418-8AED-A5441F412F55}.Release|Any CPU.Build.0 = Release|Any CPU
	EndGlobalSection
	GlobalSection(SolutionProperties) = preSolution
		HideSolutionNode = FALSE
	EndGlobalSection
	GlobalSection(ExtensibilityGlobals) = postSolution
		SolutionGuid = {1A61860B-3E3F-430D-B513-73EDCF800433}
	EndGlobalSection
EndGlobal
